
Microsoft Visual Studio Solution File, Format Version 12.00
# Visual Studio Version 16
VisualStudioVersion = 16.0.31402.337
MinimumVisualStudioVersion = 10.0.40219.1
Project("{8BC9CEB8-8B4A-11D0-8D11-00A0C91BC942}") = "practice", "practice.vcxproj", "{541F63F9-2424-4AC8-BA4B-BF3D55D38F83}"
EndProject
Global
	GlobalSection(SolutionConfigurationPlatforms) = preSolution
		Debug|x64 = Debug|x64
		Debug|x86 = Debug|x86
		Release|x64 = Release|x64
		Release|x86 = Release|x86
	EndGlobalSection
	GlobalSection(ProjectConfigurationPlatforms) = postSolution
		{541F63F9-2424-4AC8-BA4B-BF3D55D38F83}.Debug|x64.ActiveCfg = Debug|x64
		{541F63F9-2424-4AC8-BA4B-BF3D55D38F83}.Debug|x64.Build.0 = Debug|x64
		{541F63F9-2424-4AC8-BA4B-BF3D55D38F83}.Debug|x86.ActiveCfg = Debug|Win32
		{541F63F9-2424-4AC8-BA4B-BF3D55D38F83}.Debug|x86.Build.0 = Debug|Win32
		{541F63F9-2424-4AC8-BA4B-BF3D55D38F83}.Release|x64.ActiveCfg = Release|x64
		{541F63F9-2424-4AC8-BA4B-BF3D55D38F83}.Release|x64.Build.0 = Release|x64
		{541F63F9-2424-4AC8-BA4B-BF3D55D38F83}.Release|x86.ActiveCfg = Release|Win32
		{541F63F9-2424-4AC8-BA4B-BF3D55D38F83}.Release|x86.Build.0 = Release|Win32
	EndGlobalSection
	GlobalSection(SolutionProperties) = preSolution
		HideSolutionNode = FALSE
	EndGlobalSection
	GlobalSection(ExtensibilityGlobals) = postSolution
		SolutionGuid = {48057CA8-2869-4B55-97A4-0AB0BB1D41B5}
	EndGlobalSection
EndGlobal
